{
  "requires": true,
  "lockfileVersion": 1,
  "dependencies": {
    "rxjs": {
      "version": "6.5.5",
      "resolved": "https://registry.npm.taobao.org/rxjs/download/rxjs-6.5.5.tgz",
      "integrity": "sha1-xciE4wlMjP7jG/J+uH5UzPyH+ew=",
      "requires": {
        "tslib": "^1.9.0"
      }
    },
    "tslib": {
      "version": "1.11.2",
      "resolved": "https://registry.npm.taobao.org/tslib/download/tslib-1.11.2.tgz",
      "integrity": "sha1-nHnYMnLJp6rxZvc5Fclmfs3ePMk="
    }
  }
}
